
Microsoft Visual Studio Solution File, Format Version 12.00
# Visual Studio Version 17
VisualStudioVersion = 17.4.33205.214
MinimumVisualStudioVersion = 10.0.40219.1
Project("{FAE04EC0-301F-11D3-BF4B-00C04F79EFBC}") = "CustomerAccount", "CustomerAccount\CustomerAccount.csproj", "{53046D5E-8AB7-4CA2-BA71-405DE2FAE9E2}"
EndProject
Global
	GlobalSection(SolutionConfigurationPlatforms) = preSolution
		Debug|Any CPU = Debug|Any CPU
		Release|Any CPU = Release|Any CPU
	EndGlobalSection
	GlobalSection(ProjectConfigurationPlatforms) = postSolution
		{53046D5E-8AB7-4CA2-BA71-405DE2FAE9E2}.Debug|Any CPU.ActiveCfg = Debug|Any CPU
		{53046D5E-8AB7-4CA2-BA71-405DE2FAE9E2}.Debug|Any CPU.Build.0 = Debug|Any CPU
		{53046D5E-8AB7-4CA2-BA71-405DE2FAE9E2}.Release|Any CPU.ActiveCfg = Release|Any CPU
		{53046D5E-8AB7-4CA2-BA71-405DE2FAE9E2}.Release|Any CPU.Build.0 = Release|Any CPU
	EndGlobalSection
	GlobalSection(SolutionProperties) = preSolution
		HideSolutionNode = FALSE
	EndGlobalSection
	GlobalSection(ExtensibilityGlobals) = postSolution
		SolutionGuid = {1668068F-FDA0-486C-9D20-918DE1888AA9}
	EndGlobalSection
EndGlobal
